// !$*UTF8*$!
{
	archiveVersion = 1;
	classes = {
	};
	objectVersion = 50;
	objects = {

/* Begin PBXBuildFile section */
		7A785A4F24D87BA4008DD6A4 /* AppDelegate.swift in Sources */ = {isa = PBXBuildFile; fileRef = 7A785A4E24D87BA4008DD6A4 /* AppDelegate.swift */; };
		7A785A5124D87BA4008DD6A4 /* SceneDelegate.swift in Sources */ = {isa = PBXBuildFile; fileRef = 7A785A5024D87BA4008DD6A4 /* SceneDelegate.swift */; };
		7A785A5324D87BA4008DD6A4 /* LoginViewController.swift in Sources */ = {isa = PBXBuildFile; fileRef = 7A785A5224D87BA4008DD6A4 /* LoginViewController.swift */; };
		7A785A5624D87BA4008DD6A4 /* Main.storyboard in Resources */ = {isa = PBXBuildFile; fileRef = 7A785A5424D87BA4008DD6A4 /* Main.storyboard */; };
		7A785A5824D87BA5008DD6A4 /* Assets.xcassets in Resources */ = {isa = PBXBuildFile; fileRef = 7A785A5724D87BA5008DD6A4 /* Assets.xcassets */; };
		7A785A5B24D87BA5008DD6A4 /* LaunchScreen.storyboard in Resources */ = {isa = PBXBuildFile; fileRef = 7A785A5924D87BA5008DD6A4 /* LaunchScreen.storyboard */; };
		7A91186924D898F800BC49E7 /* TasksViewController.swift in Sources */ = {isa = PBXBuildFile; fileRef = 7A91186824D898F800BC49E7 /* TasksViewController.swift */; };
/* End PBXBuildFile section */

/* Begin PBXFileReference section */
		7A785A4B24D87BA4008DD6A4 /* ToDoListWithFireBase.app */ = {isa = PBXFileReference; explicitFileType = wrapper.application; includeInIndex = 0; path = ToDoListWithFireBase.app; sourceTree = BUILT_PRODUCTS_DIR; };
		7A785A4E24D87BA4008DD6A4 /* AppDelegate.swift */ = {isa = PBXFileReference; lastKnownFileType = sourcecode.swift; path = AppDelegate.swift; sourceTree = "<group>"; };
		7A785A5024D87BA4008DD6A4 /* SceneDelegate.swift */ = {isa = PBXFileReference; lastKnownFileType = sourcecode.swift; path = SceneDelegate.swift; sourceTree = "<group>"; };
		7A785A5224D87BA4008DD6A4 /* LoginViewController.swift */ = {isa = PBXFileReference; lastKnownFileType = sourcecode.swift; path = LoginViewController.swift; sourceTree = "<group>"; };
		7A785A5524D87BA4008DD6A4 /* Base */ = {isa = PBXFileReference; lastKnownFileType = file.storyboard; name = Base; path = Base.lproj/Main.storyboard; sourceTree = "<group>"; };
		7A785A5724D87BA5008DD6A4 /* Assets.xcassets */ = {isa = PBXFileReference; lastKnownFileType = folder.assetcatalog; path = Assets.xcassets; sourceTree = "<group>"; };
		7A785A5A24D87BA5008DD6A4 /* Base */ = {isa = PBXFileReference; lastKnownFileType = file.storyboard; name = Base; path = Base.lproj/LaunchScreen.storyboard; sourceTree = "<group>"; };
		7A785A5C24D87BA5008DD6A4 /* Info.plist */ = {isa = PBXFileReference; lastKnownFileType = text.plist.xml; path = Info.plist; sourceTree = "<group>"; };
		7A91186824D898F800BC49E7 /* TasksViewController.swift */ = {isa = PBXFileReference; lastKnownFileType = sourcecode.swift; path = TasksViewController.swift; sourceTree = "<group>"; };
/* End PBXFileReference section */

/* Begin PBXFrameworksBuildPhase section */
		7A785A4824D87BA4008DD6A4 /* Frameworks */ = {
			isa = PBXFrameworksBuildPhase;
			buildActionMask = 2147483647;
			files = (
			);
			runOnlyForDeploymentPostprocessing = 0;
		};
/* End PBXFrameworksBuildPhase section */

/* Begin PBXGroup section */
		7A785A4224D87BA4008DD6A4 = {
			isa = PBXGroup;
			children = (
				7A785A4D24D87BA4008DD6A4 /* ToDoListWithFireBase */,
				7A785A4C24D87BA4008DD6A4 /* Products */,
			);
			sourceTree = "<group>";
		};
		7A785A4C24D87BA4008DD6A4 /* Products */ = {
			isa = PBXGroup;
			children = (
				7A785A4B24D87BA4008DD6A4 /* ToDoListWithFireBase.app */,
			);
			name = Products;
			sourceTree = "<group>";
		};
		7A785A4D24D87BA4008DD6A4 /* ToDoListWithFireBase */ = {
			isa = PBXGroup;
			children = (
				7A785A5C24D87BA5008DD6A4 /* Info.plist */,
				7A91186B24D89A9F00BC49E7 /* Controllers */,
				7A91186A24D89A8C00BC49E7 /* Supporting */,
			);
			path = ToDoListWithFireBase;
			sourceTree = "<group>";
		};
		7A91186A24D89A8C00BC49E7 /* Supporting */ = {
			isa = PBXGroup;
			children = (
				7A785A5024D87BA4008DD6A4 /* SceneDelegate.swift */,
				7A785A4E24D87BA4008DD6A4 /* AppDelegate.swift */,
				7A785A5424D87BA4008DD6A4 /* Main.storyboard */,
				7A785A5724D87BA5008DD6A4 /* Assets.xcassets */,
				7A785A5924D87BA5008DD6A4 /* LaunchScreen.storyboard */,
			);
			path = Supporting;
			sourceTree = "<group>";
		};
		7A91186B24D89A9F00BC49E7 /* Controllers */ = {
			isa = PBXGroup;
			children = (
				7A91186824D898F800BC49E7 /* TasksViewController.swift */,
				7A785A5224D87BA4008DD6A4 /* LoginViewController.swift */,
			);
			path = Controllers;
			sourceTree = "<group>";
		};
/* End PBXGroup section */

/* Begin PBXNativeTarget section */
		7A785A4A24D87BA4008DD6A4 /* ToDoListWithFireBase */ = {
			isa = PBXNativeTarget;
			buildConfigurationList = 7A785A5F24D87BA5008DD6A4 /* Build configuration list for PBXNativeTarget "ToDoListWithFireBase" */;
			buildPhases = (
				7A785A4724D87BA4008DD6A4 /* Sources */,
				7A785A4824D87BA4008DD6A4 /* Frameworks */,
				7A785A4924D87BA4008DD6A4 /* Resources */,
			);
			buildRules = (
			);
			dependencies = (
			);
			name = ToDoListWithFireBase;
			productName = ToDoListWithFireBase;
			productReference = 7A785A4B24D87BA4008DD6A4 /* ToDoListWithFireBase.app */;
			productType = "com.apple.product-type.application";
		};
/* End PBXNativeTarget section */

/* Begin PBXProject section */
		7A785A4324D87BA4008DD6A4 /* Project object */ = {
			isa = PBXProject;
			attributes = {
				LastSwiftUpdateCheck = 1130;
				LastUpgradeCheck = 1130;
				ORGANIZATIONNAME = yurik;
				TargetAttributes = {
					7A785A4A24D87BA4008DD6A4 = {
						CreatedOnToolsVersion = 11.3.1;
					};
				};
			};
			buildConfigurationList = 7A785A4624D87BA4008DD6A4 /* Build configuration list for PBXProject "ToDoListWithFireBase" */;
			compatibilityVersion = "Xcode 9.3";
			developmentRegion = en;
			hasScannedForEncodings = 0;
			knownRegions = (
				en,
				Base,
			);
			mainGroup = 7A785A4224D87BA4008DD6A4;
			productRefGroup = 7A785A4C24D87BA4008DD6A4 /* Products */;
			projectDirPath = "";
			projectRoot = "";
			targets = (
				7A785A4A24D87BA4008DD6A4 /* ToDoListWithFireBase */,
			);
		};
/* End PBXProject section */

/* Begin PBXResourcesBuildPhase section */
		7A785A4924D87BA4008DD6A4 /* Resources */ = {
			isa = PBXResourcesBuildPhase;
			buildActionMask = 2147483647;
			files = (
				7A785A5B24D87BA5008DD6A4 /* LaunchScreen.storyboard in Resources */,
				7A785A5824D87BA5008DD6A4 /* Assets.xcassets in Resources */,
				7A785A5624D87BA4008DD6A4 /* Main.storyboard in Resources */,
			);
			runOnlyForDeploymentPostprocessing = 0;
		};
/* End PBXResourcesBuildPhase section */

/* Begin PBXSourcesBuildPhase section */
		7A785A4724D87BA4008DD6A4 /* Sources */ = {
			isa = PBXSourcesBuildPhase;
			buildActionMask = 2147483647;
			files = (
				7A785A5324D87BA4008DD6A4 /* LoginViewController.swift in Sources */,
				7A91186924D898F800BC49E7 /* TasksViewController.swift in Sources */,
				7A785A4F24D87BA4008DD6A4 /* AppDelegate.swift in Sources */,
				7A785A5124D87BA4008DD6A4 /* SceneDelegate.swift in Sources */,
			);
			runOnlyForDeploymentPostprocessing = 0;
		};
/* End PBXSourcesBuildPhase section */

/* Begin PBXVariantGroup section */
		7A785A5424D87BA4008DD6A4 /* Main.storyboard */ = {
			isa = PBXVariantGroup;
			children = (
				7A785A5524D87BA4008DD6A4 /* Base */,
			);
			name = Main.storyboard;
			sourceTree = "<group>";
		};
		7A785A5924D87BA5008DD6A4 /* LaunchScreen.storyboard */ = {
			isa = PBXVariantGroup;
			children = (
				7A785A5A24D87BA5008DD6A4 /* Base */,
			);
			name = LaunchScreen.storyboard;
			sourceTree = "<group>";
		};
/* End PBXVariantGroup section */

/* Begin XCBuildConfiguration section */
		7A785A5D24D87BA5008DD6A4 /* Debug */ = {
			isa = XCBuildConfiguration;
			buildSettings = {
				ALWAYS_SEARCH_USER_PATHS = NO;
				CLANG_ANALYZER_NONNULL = YES;
				CLANG_ANALYZER_NUMBER_OBJECT_CONVERSION = YES_AGGRESSIVE;
				CLANG_CXX_LANGUAGE_STANDARD = "gnu++14";
				CLANG_CXX_LIBRARY = "libc++";
				CLANG_ENABLE_MODULES = YES;
				CLANG_ENABLE_OBJC_ARC = YES;
				CLANG_ENABLE_OBJC_WEAK = YES;
				CLANG_WARN_BLOCK_CAPTURE_AUTORELEASING = YES;
				CLANG_WARN_BOOL_CONVERSION = YES;
				CLANG_WARN_COMMA = YES;
				CLANG_WARN_CONSTANT_CONVERSION = YES;
				CLANG_WARN_DEPRECATED_OBJC_IMPLEMENTATIONS = YES;
				CLANG_WARN_DIRECT_OBJC_ISA_USAGE = YES_ERROR;
				CLANG_WARN_DOCUMENTATION_COMMENTS = YES;
				CLANG_WARN_EMPTY_BODY = YES;
				CLANG_WARN_ENUM_CONVERSION = YES;
				CLANG_WARN_INFINITE_RECURSION = YES;
				CLANG_WARN_INT_CONVERSION = YES;
				CLANG_WARN_NON_LITERAL_NULL_CONVERSION = YES;
				CLANG_WARN_OBJC_IMPLICIT_RETAIN_SELF = YES;
				CLANG_WARN_OBJC_LITERAL_CONVERSION = YES;
				CLANG_WARN_OBJC_ROOT_CLASS = YES_ERROR;
				CLANG_WARN_RANGE_LOOP_ANALYSIS = YES;
				CLANG_WARN_STRICT_PROTOTYPES = YES;
				CLANG_WARN_SUSPICIOUS_MOVE = YES;
				CLANG_WARN_UNGUARDED_AVAILABILITY = YES_AGGRESSIVE;
				CLANG_WARN_UNREACHABLE_CODE = YES;
				CLANG_WARN__DUPLICATE_METHOD_MATCH = YES;
				COPY_PHASE_STRIP = NO;
				DEBUG_INFORMATION_FORMAT = dwarf;
				ENABLE_STRICT_OBJC_MSGSEND = YES;
				ENABLE_TESTABILITY = YES;
				GCC_C_LANGUAGE_STANDARD = gnu11;
				GCC_DYNAMIC_NO_PIC = NO;
				GCC_NO_COMMON_BLOCKS = YES;
				GCC_OPTIMIZATION_LEVEL = 0;
				GCC_PREPROCESSOR_DEFINITIONS = (
					"DEBUG=1",
					"$(inherited)",
				);
				GCC_WARN_64_TO_32_BIT_CONVERSION = YES;
				GCC_WARN_ABOUT_RETURN_TYPE = YES_ERROR;
				GCC_WARN_UNDECLARED_SELECTOR = YES;
				GCC_WARN_UNINITIALIZED_AUTOS = YES_AGGRESSIVE;
				GCC_WARN_UNUSED_FUNCTION = YES;
				GCC_WARN_UNUSED_VARIABLE = YES;
				IPHONEOS_DEPLOYMENT_TARGET = 13.2;
				MTL_ENABLE_DEBUG_INFO = INCLUDE_SOURCE;
				MTL_FAST_MATH = YES;
				ONLY_ACTIVE_ARCH = YES;
				SDKROOT = iphoneos;
				SWIFT_ACTIVE_COMPILATION_CONDITIONS = DEBUG;
				SWIFT_OPTIMIZATION_LEVEL = "-Onone";
			};
			name = Debug;
		};
		7A785A5E24D87BA5008DD6A4 /* Release */ = {
			isa = XCBuildConfiguration;
			buildSettings = {
				ALWAYS_SEARCH_USER_PATHS = NO;
				CLANG_ANALYZER_NONNULL = YES;
				CLANG_ANALYZER_NUMBER_OBJECT_CONVERSION = YES_AGGRESSIVE;
				CLANG_CXX_LANGUAGE_STANDARD = "gnu++14";
				CLANG_CXX_LIBRARY = "libc++";
				CLANG_ENABLE_MODULES = YES;
				CLANG_ENABLE_OBJC_ARC = YES;
				CLANG_ENABLE_OBJC_WEAK = YES;
				CLANG_WARN_BLOCK_CAPTURE_AUTORELEASING = YES;
				CLANG_WARN_BOOL_CONVERSION = YES;
				CLANG_WARN_COMMA = YES;
				CLANG_WARN_CONSTANT_CONVERSION = YES;
				CLANG_WARN_DEPRECATED_OBJC_IMPLEMENTATIONS = YES;
				CLANG_WARN_DIRECT_OBJC_ISA_USAGE = YES_ERROR;
				CLANG_WARN_DOCUMENTATION_COMMENTS = YES;
				CLANG_WARN_EMPTY_BODY = YES;
				CLANG_WARN_ENUM_CONVERSION = YES;
				CLANG_WARN_INFINITE_RECURSION = YES;
				CLANG_WARN_INT_CONVERSION = YES;
				CLANG_WARN_NON_LITERAL_NULL_CONVERSION = YES;
				CLANG_WARN_OBJC_IMPLICIT_RETAIN_SELF = YES;
				CLANG_WARN_OBJC_LITERAL_CONVERSION = YES;
				CLANG_WARN_OBJC_ROOT_CLASS = YES_ERROR;
				CLANG_WARN_RANGE_LOOP_ANALYSIS = YES;
				CLANG_WARN_STRICT_PROTOTYPES = YES;
				CLANG_WARN_SUSPICIOUS_MOVE = YES;
				CLANG_WARN_UNGUARDED_AVAILABILITY = YES_AGGRESSIVE;
				CLANG_WARN_UNREACHABLE_CODE = YES;
				CLANG_WARN__DUPLICATE_METHOD_MATCH = YES;
				COPY_PHASE_STRIP = NO;
				DEBUG_INFORMATION_FORMAT = "dwarf-with-dsym";
				ENABLE_NS_ASSERTIONS = NO;
				ENABLE_STRICT_OBJC_MSGSEND = YES;
				GCC_C_LANGUAGE_STANDARD = gnu11;
				GCC_NO_COMMON_BLOCKS = YES;
				GCC_WARN_64_TO_32_BIT_CONVERSION = YES;
				GCC_WARN_ABOUT_RETURN_TYPE = YES_ERROR;
				GCC_WARN_UNDECLARED_SELECTOR = YES;
				GCC_WARN_UNINITIALIZED_AUTOS = YES_AGGRESSIVE;
				GCC_WARN_UNUSED_FUNCTION = YES;
				GCC_WARN_UNUSED_VARIABLE = YES;
				IPHONEOS_DEPLOYMENT_TARGET = 13.2;
				MTL_ENABLE_DEBUG_INFO = NO;
				MTL_FAST_MATH = YES;
				SDKROOT = iphoneos;
				SWIFT_COMPILATION_MODE = wholemodule;
				SWIFT_OPTIMIZATION_LEVEL = "-O";
				VALIDATE_PRODUCT = YES;
			};
			name = Release;
		};
		7A785A6024D87BA5008DD6A4 /* Debug */ = {
			isa = XCBuildConfiguration;
			buildSettings = {
				ASSETCATALOG_COMPILER_APPICON_NAME = AppIcon;
				CODE_SIGN_STYLE = Automatic;
				DEVELOPMENT_TEAM = 754JYM9F2Z;
				INFOPLIST_FILE = ToDoListWithFireBase/Info.plist;
				LD_RUNPATH_SEARCH_PATHS = (
					"$(inherited)",
					"@executable_path/Frameworks",
				);
				PRODUCT_BUNDLE_IDENTIFIER = Nosachenko.ToDoListWithFireBase;
				PRODUCT_NAME = "$(TARGET_NAME)";
				SWIFT_VERSION = 5.0;
				TARGETED_DEVICE_FAMILY = "1,2";
			};
			name = Debug;
		};
		7A785A6124D87BA5008DD6A4 /* Release */ = {
			isa = XCBuildConfiguration;
			buildSettings = {
				ASSETCATALOG_COMPILER_APPICON_NAME = AppIcon;
				CODE_SIGN_STYLE = Automatic;
				DEVELOPMENT_TEAM = 754JYM9F2Z;
				INFOPLIST_FILE = ToDoListWithFireBase/Info.plist;
				LD_RUNPATH_SEARCH_PATHS = (
					"$(inherited)",
					"@executable_path/Frameworks",
				);
				PRODUCT_BUNDLE_IDENTIFIER = Nosachenko.ToDoListWithFireBase;
				PRODUCT_NAME = "$(TARGET_NAME)";
				SWIFT_VERSION = 5.0;
				TARGETED_DEVICE_FAMILY = "1,2";
			};
			name = Release;
		};
/* End XCBuildConfiguration section */

/* Begin XCConfigurationList section */
		7A785A4624D87BA4008DD6A4 /* Build configuration list for PBXProject "ToDoListWithFireBase" */ = {
			isa = XCConfigurationList;
			buildConfigurations = (
				7A785A5D24D87BA5008DD6A4 /* Debug */,
				7A785A5E24D87BA5008DD6A4 /* Release */,
			);
			defaultConfigurationIsVisible = 0;
			defaultConfigurationName = Release;
		};
		7A785A5F24D87BA5008DD6A4 /* Build configuration list for PBXNativeTarget "ToDoListWithFireBase" */ = {
			isa = XCConfigurationList;
			buildConfigurations = (
				7A785A6024D87BA5008DD6A4 /* Debug */,
				7A785A6124D87BA5008DD6A4 /* Release */,
			);
			defaultConfigurationIsVisible = 0;
			defaultConfigurationName = Release;
		};
/* End XCConfigurationList section */
	};
	rootObject = 7A785A4324D87BA4008DD6A4 /* Project object */;
}
